
Microsoft Visual Studio Solution File, Format Version 12.00
# Visual Studio Version 16
VisualStudioVersion = 16.0.30717.126
MinimumVisualStudioVersion = 10.0.40219.1
Project("{8BC9CEB8-8B4A-11D0-8D11-00A0C91BC942}") = "QtWidgetsApplication1", "QtWidgetsApplication1.vcxproj", "{39206D83-C6C1-456B-9DF2-ED46B68A21AF}"
EndProject
Global
	GlobalSection(SolutionConfigurationPlatforms) = preSolution
		Debug|x64 = Debug|x64
		Release|x64 = Release|x64
	EndGlobalSection
	GlobalSection(ProjectConfigurationPlatforms) = postSolution
		{39206D83-C6C1-456B-9DF2-ED46B68A21AF}.Debug|x64.ActiveCfg = Debug|x64
		{39206D83-C6C1-456B-9DF2-ED46B68A21AF}.Debug|x64.Build.0 = Debug|x64
		{39206D83-C6C1-456B-9DF2-ED46B68A21AF}.Release|x64.ActiveCfg = Release|x64
		{39206D83-C6C1-456B-9DF2-ED46B68A21AF}.Release|x64.Build.0 = Release|x64
	EndGlobalSection
	GlobalSection(SolutionProperties) = preSolution
		HideSolutionNode = FALSE
	EndGlobalSection
	GlobalSection(ExtensibilityGlobals) = postSolution
		SolutionGuid = {2C317E43-1135-42BC-9873-B5F3B428EF5C}
	EndGlobalSection
EndGlobal
